
Microsoft Visual Studio Solution File, Format Version 12.00
# Visual Studio Express 2012 for Web
Project("{FAE04EC0-301F-11D3-BF4B-00C04F79EFBC}") = "myPT.Core", "..\myPT.Core\myPT.Core.csproj", "{B436CCC3-ADC1-4619-820B-A629AFD56C5D}"
EndProject
Project("{FAE04EC0-301F-11D3-BF4B-00C04F79EFBC}") = "UnitTest", "UnitTest\UnitTest.csproj", "{5EEC3195-D6CE-4431-B4FA-E22506488F28}"
EndProject
Global
	GlobalSection(SolutionConfigurationPlatforms) = preSolution
		Debug|Any CPU = Debug|Any CPU
		Release|Any CPU = Release|Any CPU
	EndGlobalSection
	GlobalSection(ProjectConfigurationPlatforms) = postSolution
		{B436CCC3-ADC1-4619-820B-A629AFD56C5D}.Debug|Any CPU.ActiveCfg = Debug|Any CPU
		{B436CCC3-ADC1-4619-820B-A629AFD56C5D}.Debug|Any CPU.Build.0 = Debug|Any CPU
		{B436CCC3-ADC1-4619-820B-A629AFD56C5D}.Release|Any CPU.ActiveCfg = Release|Any CPU
		{B436CCC3-ADC1-4619-820B-A629AFD56C5D}.Release|Any CPU.Build.0 = Release|Any CPU
		{5EEC3195-D6CE-4431-B4FA-E22506488F28}.Debug|Any CPU.ActiveCfg = Debug|Any CPU
		{5EEC3195-D6CE-4431-B4FA-E22506488F28}.Debug|Any CPU.Build.0 = Debug|Any CPU
		{5EEC3195-D6CE-4431-B4FA-E22506488F28}.Release|Any CPU.ActiveCfg = Release|Any CPU
		{5EEC3195-D6CE-4431-B4FA-E22506488F28}.Release|Any CPU.Build.0 = Release|Any CPU
	EndGlobalSection
	GlobalSection(SolutionProperties) = preSolution
		HideSolutionNode = FALSE
	EndGlobalSection
EndGlobal
